
Microsoft Visual Studio Solution File, Format Version 12.00
# Visual Studio 15
VisualStudioVersion = 15.0.33026.149
MinimumVisualStudioVersion = 10.0.40219.1
Project("{FAE04EC0-301F-11D3-BF4B-00C04F79EFBC}") = "CookingRecipes", "CookingRecipes\CookingRecipes.csproj", "{3EAC762C-558D-4B6A-8892-AB235E1733BE}"
EndProject
Global
	GlobalSection(SolutionConfigurationPlatforms) = preSolution
		Debug|Any CPU = Debug|Any CPU
		Release|Any CPU = Release|Any CPU
	EndGlobalSection
	GlobalSection(ProjectConfigurationPlatforms) = postSolution
		{3EAC762C-558D-4B6A-8892-AB235E1733BE}.Debug|Any CPU.ActiveCfg = Debug|Any CPU
		{3EAC762C-558D-4B6A-8892-AB235E1733BE}.Debug|Any CPU.Build.0 = Debug|Any CPU
		{3EAC762C-558D-4B6A-8892-AB235E1733BE}.Release|Any CPU.ActiveCfg = Release|Any CPU
		{3EAC762C-558D-4B6A-8892-AB235E1733BE}.Release|Any CPU.Build.0 = Release|Any CPU
	EndGlobalSection
	GlobalSection(SolutionProperties) = preSolution
		HideSolutionNode = FALSE
	EndGlobalSection
	GlobalSection(ExtensibilityGlobals) = postSolution
		SolutionGuid = {C755E2A2-9FA1-40E0-AF45-464FC81919DE}
	EndGlobalSection
EndGlobal
